// !$*UTF8*$!
{
	archiveVersion = 1;
	classes = {
	};
	objectVersion = 56;
	objects = {

/* Begin PBXBuildFile section */
		E9FD1BB32A31747C00671749 /* AppDelegate.swift in Sources */ = {isa = PBXBuildFile; fileRef = E9FD1BB22A31747C00671749 /* AppDelegate.swift */; };
		E9FD1BB52A31747C00671749 /* SceneDelegate.swift in Sources */ = {isa = PBXBuildFile; fileRef = E9FD1BB42A31747C00671749 /* SceneDelegate.swift */; };
		E9FD1BB72A31747C00671749 /* PokemonDetailVC.swift in Sources */ = {isa = PBXBuildFile; fileRef = E9FD1BB62A31747C00671749 /* PokemonDetailVC.swift */; };
		E9FD1BBC2A31747D00671749 /* Assets.xcassets in Resources */ = {isa = PBXBuildFile; fileRef = E9FD1BBB2A31747D00671749 /* Assets.xcassets */; };
		E9FD1BBF2A31747D00671749 /* LaunchScreen.storyboard in Resources */ = {isa = PBXBuildFile; fileRef = E9FD1BBD2A31747D00671749 /* LaunchScreen.storyboard */; };
		E9FD1BC82A34293000671749 /* APIRequest.swift in Sources */ = {isa = PBXBuildFile; fileRef = E9FD1BC72A34293000671749 /* APIRequest.swift */; };
		E9FD1BCA2A34296B00671749 /* NetworkResponse.swift in Sources */ = {isa = PBXBuildFile; fileRef = E9FD1BC92A34296B00671749 /* NetworkResponse.swift */; };
		E9FD1BCE2A342A4800671749 /* Constants.swift in Sources */ = {isa = PBXBuildFile; fileRef = E9FD1BCD2A342A4800671749 /* Constants.swift */; };
		E9FD1BD02A342E9700671749 /* Networking.swift in Sources */ = {isa = PBXBuildFile; fileRef = E9FD1BCF2A342E9700671749 /* Networking.swift */; };
		E9FD1BD62A34345B00671749 /* PokemonDetailResponse.swift in Sources */ = {isa = PBXBuildFile; fileRef = E9FD1BD52A34345B00671749 /* PokemonDetailResponse.swift */; };
		E9FD1BD82A344AA000671749 /* PokemonDetailRepository.swift in Sources */ = {isa = PBXBuildFile; fileRef = E9FD1BD72A344AA000671749 /* PokemonDetailRepository.swift */; };
		E9FD1BDA2A344B2D00671749 /* PokemonDetailModel.swift in Sources */ = {isa = PBXBuildFile; fileRef = E9FD1BD92A344B2D00671749 /* PokemonDetailModel.swift */; };
		E9FD1BDC2A344C2100671749 /* PokemonDetailRequest.swift in Sources */ = {isa = PBXBuildFile; fileRef = E9FD1BDB2A344C2100671749 /* PokemonDetailRequest.swift */; };
		E9FD1BDE2A344DCD00671749 /* PokemonDetailUseCase.swift in Sources */ = {isa = PBXBuildFile; fileRef = E9FD1BDD2A344DCD00671749 /* PokemonDetailUseCase.swift */; };
		E9FD1BE02A344E3F00671749 /* PokemonDetailVM.swift in Sources */ = {isa = PBXBuildFile; fileRef = E9FD1BDF2A344E3F00671749 /* PokemonDetailVM.swift */; };
		E9FD1BE22A3457E400671749 /* Utilities.swift in Sources */ = {isa = PBXBuildFile; fileRef = E9FD1BE12A3457E400671749 /* Utilities.swift */; };
/* End PBXBuildFile section */

/* Begin PBXFileReference section */
		E9FD1BAF2A31747C00671749 /* PokemonApp.app */ = {isa = PBXFileReference; explicitFileType = wrapper.application; includeInIndex = 0; path = PokemonApp.app; sourceTree = BUILT_PRODUCTS_DIR; };
		E9FD1BB22A31747C00671749 /* AppDelegate.swift */ = {isa = PBXFileReference; lastKnownFileType = sourcecode.swift; path = AppDelegate.swift; sourceTree = "<group>"; };
		E9FD1BB42A31747C00671749 /* SceneDelegate.swift */ = {isa = PBXFileReference; lastKnownFileType = sourcecode.swift; path = SceneDelegate.swift; sourceTree = "<group>"; };
		E9FD1BB62A31747C00671749 /* PokemonDetailVC.swift */ = {isa = PBXFileReference; lastKnownFileType = sourcecode.swift; path = PokemonDetailVC.swift; sourceTree = "<group>"; };
		E9FD1BBB2A31747D00671749 /* Assets.xcassets */ = {isa = PBXFileReference; lastKnownFileType = folder.assetcatalog; path = Assets.xcassets; sourceTree = "<group>"; };
		E9FD1BBE2A31747D00671749 /* Base */ = {isa = PBXFileReference; lastKnownFileType = file.storyboard; name = Base; path = Base.lproj/LaunchScreen.storyboard; sourceTree = "<group>"; };
		E9FD1BC02A31747D00671749 /* Info.plist */ = {isa = PBXFileReference; lastKnownFileType = text.plist.xml; path = Info.plist; sourceTree = "<group>"; };
		E9FD1BC72A34293000671749 /* APIRequest.swift */ = {isa = PBXFileReference; lastKnownFileType = sourcecode.swift; path = APIRequest.swift; sourceTree = "<group>"; };
		E9FD1BC92A34296B00671749 /* NetworkResponse.swift */ = {isa = PBXFileReference; lastKnownFileType = sourcecode.swift; path = NetworkResponse.swift; sourceTree = "<group>"; };
		E9FD1BCD2A342A4800671749 /* Constants.swift */ = {isa = PBXFileReference; lastKnownFileType = sourcecode.swift; path = Constants.swift; sourceTree = "<group>"; };
		E9FD1BCF2A342E9700671749 /* Networking.swift */ = {isa = PBXFileReference; lastKnownFileType = sourcecode.swift; path = Networking.swift; sourceTree = "<group>"; };
		E9FD1BD52A34345B00671749 /* PokemonDetailResponse.swift */ = {isa = PBXFileReference; lastKnownFileType = sourcecode.swift; path = PokemonDetailResponse.swift; sourceTree = "<group>"; };
		E9FD1BD72A344AA000671749 /* PokemonDetailRepository.swift */ = {isa = PBXFileReference; lastKnownFileType = sourcecode.swift; path = PokemonDetailRepository.swift; sourceTree = "<group>"; };
		E9FD1BD92A344B2D00671749 /* PokemonDetailModel.swift */ = {isa = PBXFileReference; lastKnownFileType = sourcecode.swift; path = PokemonDetailModel.swift; sourceTree = "<group>"; };
		E9FD1BDB2A344C2100671749 /* PokemonDetailRequest.swift */ = {isa = PBXFileReference; lastKnownFileType = sourcecode.swift; path = PokemonDetailRequest.swift; sourceTree = "<group>"; };
		E9FD1BDD2A344DCD00671749 /* PokemonDetailUseCase.swift */ = {isa = PBXFileReference; lastKnownFileType = sourcecode.swift; path = PokemonDetailUseCase.swift; sourceTree = "<group>"; };
		E9FD1BDF2A344E3F00671749 /* PokemonDetailVM.swift */ = {isa = PBXFileReference; lastKnownFileType = sourcecode.swift; path = PokemonDetailVM.swift; sourceTree = "<group>"; };
		E9FD1BE12A3457E400671749 /* Utilities.swift */ = {isa = PBXFileReference; lastKnownFileType = sourcecode.swift; path = Utilities.swift; sourceTree = "<group>"; };
/* End PBXFileReference section */

/* Begin PBXFrameworksBuildPhase section */
		E9FD1BAC2A31747C00671749 /* Frameworks */ = {
			isa = PBXFrameworksBuildPhase;
			buildActionMask = 2147483647;
			files = (
			);
			runOnlyForDeploymentPostprocessing = 0;
		};
/* End PBXFrameworksBuildPhase section */

/* Begin PBXGroup section */
		E9FD1BA62A31747C00671749 = {
			isa = PBXGroup;
			children = (
				E9FD1BB12A31747C00671749 /* PokemonApp */,
				E9FD1BB02A31747C00671749 /* Products */,
			);
			sourceTree = "<group>";
		};
		E9FD1BB02A31747C00671749 /* Products */ = {
			isa = PBXGroup;
			children = (
				E9FD1BAF2A31747C00671749 /* PokemonApp.app */,
			);
			name = Products;
			sourceTree = "<group>";
		};
		E9FD1BB12A31747C00671749 /* PokemonApp */ = {
			isa = PBXGroup;
			children = (
				E9FD1BC62A34291400671749 /* Networking */,
				E9FD1BD12A34335A00671749 /* Main */,
				E9FD1BB22A31747C00671749 /* AppDelegate.swift */,
				E9FD1BB42A31747C00671749 /* SceneDelegate.swift */,
				E9FD1BBB2A31747D00671749 /* Assets.xcassets */,
				E9FD1BBD2A31747D00671749 /* LaunchScreen.storyboard */,
				E9FD1BC02A31747D00671749 /* Info.plist */,
			);
			path = PokemonApp;
			sourceTree = "<group>";
		};
		E9FD1BC62A34291400671749 /* Networking */ = {
			isa = PBXGroup;
			children = (
				E9FD1BC72A34293000671749 /* APIRequest.swift */,
				E9FD1BC92A34296B00671749 /* NetworkResponse.swift */,
				E9FD1BCD2A342A4800671749 /* Constants.swift */,
				E9FD1BCF2A342E9700671749 /* Networking.swift */,
				E9FD1BE12A3457E400671749 /* Utilities.swift */,
			);
			path = Networking;
			sourceTree = "<group>";
		};
		E9FD1BD12A34335A00671749 /* Main */ = {
			isa = PBXGroup;
			children = (
				E9FD1BD22A34336600671749 /* Data */,
				E9FD1BD32A34336C00671749 /* Domain */,
				E9FD1BD42A34337000671749 /* Presentation */,
			);
			path = Main;
			sourceTree = "<group>";
		};
		E9FD1BD22A34336600671749 /* Data */ = {
			isa = PBXGroup;
			children = (
				E9FD1BD52A34345B00671749 /* PokemonDetailResponse.swift */,
				E9FD1BD72A344AA000671749 /* PokemonDetailRepository.swift */,
				E9FD1BDB2A344C2100671749 /* PokemonDetailRequest.swift */,
			);
			path = Data;
			sourceTree = "<group>";
		};
		E9FD1BD32A34336C00671749 /* Domain */ = {
			isa = PBXGroup;
			children = (
				E9FD1BD92A344B2D00671749 /* PokemonDetailModel.swift */,
				E9FD1BDD2A344DCD00671749 /* PokemonDetailUseCase.swift */,
			);
			path = Domain;
			sourceTree = "<group>";
		};
		E9FD1BD42A34337000671749 /* Presentation */ = {
			isa = PBXGroup;
			children = (
				E9FD1BB62A31747C00671749 /* PokemonDetailVC.swift */,
				E9FD1BDF2A344E3F00671749 /* PokemonDetailVM.swift */,
			);
			path = Presentation;
			sourceTree = "<group>";
		};
/* End PBXGroup section */

/* Begin PBXNativeTarget section */
		E9FD1BAE2A31747C00671749 /* PokemonApp */ = {
			isa = PBXNativeTarget;
			buildConfigurationList = E9FD1BC32A31747D00671749 /* Build configuration list for PBXNativeTarget "PokemonApp" */;
			buildPhases = (
				E9FD1BAB2A31747C00671749 /* Sources */,
				E9FD1BAC2A31747C00671749 /* Frameworks */,
				E9FD1BAD2A31747C00671749 /* Resources */,
			);
			buildRules = (
			);
			dependencies = (
			);
			name = PokemonApp;
			productName = PokemonApp;
			productReference = E9FD1BAF2A31747C00671749 /* PokemonApp.app */;
			productType = "com.apple.product-type.application";
		};
/* End PBXNativeTarget section */

/* Begin PBXProject section */
		E9FD1BA72A31747C00671749 /* Project object */ = {
			isa = PBXProject;
			attributes = {
				BuildIndependentTargetsInParallel = 1;
				LastSwiftUpdateCheck = 1420;
				LastUpgradeCheck = 1420;
				TargetAttributes = {
					E9FD1BAE2A31747C00671749 = {
						CreatedOnToolsVersion = 14.2;
					};
				};
			};
			buildConfigurationList = E9FD1BAA2A31747C00671749 /* Build configuration list for PBXProject "PokemonApp" */;
			compatibilityVersion = "Xcode 14.0";
			developmentRegion = en;
			hasScannedForEncodings = 0;
			knownRegions = (
				en,
				Base,
			);
			mainGroup = E9FD1BA62A31747C00671749;
			productRefGroup = E9FD1BB02A31747C00671749 /* Products */;
			projectDirPath = "";
			projectRoot = "";
			targets = (
				E9FD1BAE2A31747C00671749 /* PokemonApp */,
			);
		};
/* End PBXProject section */

/* Begin PBXResourcesBuildPhase section */
		E9FD1BAD2A31747C00671749 /* Resources */ = {
			isa = PBXResourcesBuildPhase;
			buildActionMask = 2147483647;
			files = (
				E9FD1BBF2A31747D00671749 /* LaunchScreen.storyboard in Resources */,
				E9FD1BBC2A31747D00671749 /* Assets.xcassets in Resources */,
			);
			runOnlyForDeploymentPostprocessing = 0;
		};
/* End PBXResourcesBuildPhase section */

/* Begin PBXSourcesBuildPhase section */
		E9FD1BAB2A31747C00671749 /* Sources */ = {
			isa = PBXSourcesBuildPhase;
			buildActionMask = 2147483647;
			files = (
				E9FD1BB72A31747C00671749 /* PokemonDetailVC.swift in Sources */,
				E9FD1BCA2A34296B00671749 /* NetworkResponse.swift in Sources */,
				E9FD1BE22A3457E400671749 /* Utilities.swift in Sources */,
				E9FD1BE02A344E3F00671749 /* PokemonDetailVM.swift in Sources */,
				E9FD1BB32A31747C00671749 /* AppDelegate.swift in Sources */,
				E9FD1BDA2A344B2D00671749 /* PokemonDetailModel.swift in Sources */,
				E9FD1BD02A342E9700671749 /* Networking.swift in Sources */,
				E9FD1BDC2A344C2100671749 /* PokemonDetailRequest.swift in Sources */,
				E9FD1BCE2A342A4800671749 /* Constants.swift in Sources */,
				E9FD1BC82A34293000671749 /* APIRequest.swift in Sources */,
				E9FD1BD82A344AA000671749 /* PokemonDetailRepository.swift in Sources */,
				E9FD1BB52A31747C00671749 /* SceneDelegate.swift in Sources */,
				E9FD1BDE2A344DCD00671749 /* PokemonDetailUseCase.swift in Sources */,
				E9FD1BD62A34345B00671749 /* PokemonDetailResponse.swift in Sources */,
			);
			runOnlyForDeploymentPostprocessing = 0;
		};
/* End PBXSourcesBuildPhase section */

/* Begin PBXVariantGroup section */
		E9FD1BBD2A31747D00671749 /* LaunchScreen.storyboard */ = {
			isa = PBXVariantGroup;
			children = (
				E9FD1BBE2A31747D00671749 /* Base */,
			);
			name = LaunchScreen.storyboard;
			sourceTree = "<group>";
		};
/* End PBXVariantGroup section */

/* Begin XCBuildConfiguration section */
		E9FD1BC12A31747D00671749 /* Debug */ = {
			isa = XCBuildConfiguration;
			buildSettings = {
				ALWAYS_SEARCH_USER_PATHS = NO;
				CLANG_ANALYZER_NONNULL = YES;
				CLANG_ANALYZER_NUMBER_OBJECT_CONVERSION = YES_AGGRESSIVE;
				CLANG_CXX_LANGUAGE_STANDARD = "gnu++20";
				CLANG_ENABLE_MODULES = YES;
				CLANG_ENABLE_OBJC_ARC = YES;
				CLANG_ENABLE_OBJC_WEAK = YES;
				CLANG_WARN_BLOCK_CAPTURE_AUTORELEASING = YES;
				CLANG_WARN_BOOL_CONVERSION = YES;
				CLANG_WARN_COMMA = YES;
				CLANG_WARN_CONSTANT_CONVERSION = YES;
				CLANG_WARN_DEPRECATED_OBJC_IMPLEMENTATIONS = YES;
				CLANG_WARN_DIRECT_OBJC_ISA_USAGE = YES_ERROR;
				CLANG_WARN_DOCUMENTATION_COMMENTS = YES;
				CLANG_WARN_EMPTY_BODY = YES;
				CLANG_WARN_ENUM_CONVERSION = YES;
				CLANG_WARN_INFINITE_RECURSION = YES;
				CLANG_WARN_INT_CONVERSION = YES;
				CLANG_WARN_NON_LITERAL_NULL_CONVERSION = YES;
				CLANG_WARN_OBJC_IMPLICIT_RETAIN_SELF = YES;
				CLANG_WARN_OBJC_LITERAL_CONVERSION = YES;
				CLANG_WARN_OBJC_ROOT_CLASS = YES_ERROR;
				CLANG_WARN_QUOTED_INCLUDE_IN_FRAMEWORK_HEADER = YES;
				CLANG_WARN_RANGE_LOOP_ANALYSIS = YES;
				CLANG_WARN_STRICT_PROTOTYPES = YES;
				CLANG_WARN_SUSPICIOUS_MOVE = YES;
				CLANG_WARN_UNGUARDED_AVAILABILITY = YES_AGGRESSIVE;
				CLANG_WARN_UNREACHABLE_CODE = YES;
				CLANG_WARN__DUPLICATE_METHOD_MATCH = YES;
				COPY_PHASE_STRIP = NO;
				DEBUG_INFORMATION_FORMAT = dwarf;
				ENABLE_STRICT_OBJC_MSGSEND = YES;
				ENABLE_TESTABILITY = YES;
				GCC_C_LANGUAGE_STANDARD = gnu11;
				GCC_DYNAMIC_NO_PIC = NO;
				GCC_NO_COMMON_BLOCKS = YES;
				GCC_OPTIMIZATION_LEVEL = 0;
				GCC_PREPROCESSOR_DEFINITIONS = (
					"DEBUG=1",
					"$(inherited)",
				);
				GCC_WARN_64_TO_32_BIT_CONVERSION = YES;
				GCC_WARN_ABOUT_RETURN_TYPE = YES_ERROR;
				GCC_WARN_UNDECLARED_SELECTOR = YES;
				GCC_WARN_UNINITIALIZED_AUTOS = YES_AGGRESSIVE;
				GCC_WARN_UNUSED_FUNCTION = YES;
				GCC_WARN_UNUSED_VARIABLE = YES;
				IPHONEOS_DEPLOYMENT_TARGET = 16.2;
				MTL_ENABLE_DEBUG_INFO = INCLUDE_SOURCE;
				MTL_FAST_MATH = YES;
				ONLY_ACTIVE_ARCH = YES;
				SDKROOT = iphoneos;
				SWIFT_ACTIVE_COMPILATION_CONDITIONS = DEBUG;
				SWIFT_OPTIMIZATION_LEVEL = "-Onone";
			};
			name = Debug;
		};
		E9FD1BC22A31747D00671749 /* Release */ = {
			isa = XCBuildConfiguration;
			buildSettings = {
				ALWAYS_SEARCH_USER_PATHS = NO;
				CLANG_ANALYZER_NONNULL = YES;
				CLANG_ANALYZER_NUMBER_OBJECT_CONVERSION = YES_AGGRESSIVE;
				CLANG_CXX_LANGUAGE_STANDARD = "gnu++20";
				CLANG_ENABLE_MODULES = YES;
				CLANG_ENABLE_OBJC_ARC = YES;
				CLANG_ENABLE_OBJC_WEAK = YES;
				CLANG_WARN_BLOCK_CAPTURE_AUTORELEASING = YES;
				CLANG_WARN_BOOL_CONVERSION = YES;
				CLANG_WARN_COMMA = YES;
				CLANG_WARN_CONSTANT_CONVERSION = YES;
				CLANG_WARN_DEPRECATED_OBJC_IMPLEMENTATIONS = YES;
				CLANG_WARN_DIRECT_OBJC_ISA_USAGE = YES_ERROR;
				CLANG_WARN_DOCUMENTATION_COMMENTS = YES;
				CLANG_WARN_EMPTY_BODY = YES;
				CLANG_WARN_ENUM_CONVERSION = YES;
				CLANG_WARN_INFINITE_RECURSION = YES;
				CLANG_WARN_INT_CONVERSION = YES;
				CLANG_WARN_NON_LITERAL_NULL_CONVERSION = YES;
				CLANG_WARN_OBJC_IMPLICIT_RETAIN_SELF = YES;
				CLANG_WARN_OBJC_LITERAL_CONVERSION = YES;
				CLANG_WARN_OBJC_ROOT_CLASS = YES_ERROR;
				CLANG_WARN_QUOTED_INCLUDE_IN_FRAMEWORK_HEADER = YES;
				CLANG_WARN_RANGE_LOOP_ANALYSIS = YES;
				CLANG_WARN_STRICT_PROTOTYPES = YES;
				CLANG_WARN_SUSPICIOUS_MOVE = YES;
				CLANG_WARN_UNGUARDED_AVAILABILITY = YES_AGGRESSIVE;
				CLANG_WARN_UNREACHABLE_CODE = YES;
				CLANG_WARN__DUPLICATE_METHOD_MATCH = YES;
				COPY_PHASE_STRIP = NO;
				DEBUG_INFORMATION_FORMAT = "dwarf-with-dsym";
				ENABLE_NS_ASSERTIONS = NO;
				ENABLE_STRICT_OBJC_MSGSEND = YES;
				GCC_C_LANGUAGE_STANDARD = gnu11;
				GCC_NO_COMMON_BLOCKS = YES;
				GCC_WARN_64_TO_32_BIT_CONVERSION = YES;
				GCC_WARN_ABOUT_RETURN_TYPE = YES_ERROR;
				GCC_WARN_UNDECLARED_SELECTOR = YES;
				GCC_WARN_UNINITIALIZED_AUTOS = YES_AGGRESSIVE;
				GCC_WARN_UNUSED_FUNCTION = YES;
				GCC_WARN_UNUSED_VARIABLE = YES;
				IPHONEOS_DEPLOYMENT_TARGET = 16.2;
				MTL_ENABLE_DEBUG_INFO = NO;
				MTL_FAST_MATH = YES;
				SDKROOT = iphoneos;
				SWIFT_COMPILATION_MODE = wholemodule;
				SWIFT_OPTIMIZATION_LEVEL = "-O";
				VALIDATE_PRODUCT = YES;
			};
			name = Release;
		};
		E9FD1BC42A31747D00671749 /* Debug */ = {
			isa = XCBuildConfiguration;
			buildSettings = {
				ASSETCATALOG_COMPILER_APPICON_NAME = AppIcon;
				ASSETCATALOG_COMPILER_GLOBAL_ACCENT_COLOR_NAME = AccentColor;
				CODE_SIGN_STYLE = Automatic;
				CURRENT_PROJECT_VERSION = 1;
				DEVELOPMENT_TEAM = PWC92C5B75;
				GENERATE_INFOPLIST_FILE = YES;
				INFOPLIST_FILE = PokemonApp/Info.plist;
				INFOPLIST_KEY_UIApplicationSupportsIndirectInputEvents = YES;
				INFOPLIST_KEY_UILaunchStoryboardName = LaunchScreen;
				INFOPLIST_KEY_UISupportedInterfaceOrientations_iPad = "UIInterfaceOrientationPortrait UIInterfaceOrientationPortraitUpsideDown UIInterfaceOrientationLandscapeLeft UIInterfaceOrientationLandscapeRight";
				INFOPLIST_KEY_UISupportedInterfaceOrientations_iPhone = "UIInterfaceOrientationPortrait UIInterfaceOrientationLandscapeLeft UIInterfaceOrientationLandscapeRight";
				LD_RUNPATH_SEARCH_PATHS = (
					"$(inherited)",
					"@executable_path/Frameworks",
				);
				MARKETING_VERSION = 1.0;
				PRODUCT_BUNDLE_IDENTIFIER = gilangsinawang.PokemonApp;
				PRODUCT_NAME = "$(TARGET_NAME)";
				SWIFT_EMIT_LOC_STRINGS = YES;
				SWIFT_VERSION = 5.0;
				TARGETED_DEVICE_FAMILY = "1,2";
			};
			name = Debug;
		};
		E9FD1BC52A31747D00671749 /* Release */ = {
			isa = XCBuildConfiguration;
			buildSettings = {
				ASSETCATALOG_COMPILER_APPICON_NAME = AppIcon;
				ASSETCATALOG_COMPILER_GLOBAL_ACCENT_COLOR_NAME = AccentColor;
				CODE_SIGN_STYLE = Automatic;
				CURRENT_PROJECT_VERSION = 1;
				DEVELOPMENT_TEAM = PWC92C5B75;
				GENERATE_INFOPLIST_FILE = YES;
				INFOPLIST_FILE = PokemonApp/Info.plist;
				INFOPLIST_KEY_UIApplicationSupportsIndirectInputEvents = YES;
				INFOPLIST_KEY_UILaunchStoryboardName = LaunchScreen;
				INFOPLIST_KEY_UISupportedInterfaceOrientations_iPad = "UIInterfaceOrientationPortrait UIInterfaceOrientationPortraitUpsideDown UIInterfaceOrientationLandscapeLeft UIInterfaceOrientationLandscapeRight";
				INFOPLIST_KEY_UISupportedInterfaceOrientations_iPhone = "UIInterfaceOrientationPortrait UIInterfaceOrientationLandscapeLeft UIInterfaceOrientationLandscapeRight";
				LD_RUNPATH_SEARCH_PATHS = (
					"$(inherited)",
					"@executable_path/Frameworks",
				);
				MARKETING_VERSION = 1.0;
				PRODUCT_BUNDLE_IDENTIFIER = gilangsinawang.PokemonApp;
				PRODUCT_NAME = "$(TARGET_NAME)";
				SWIFT_EMIT_LOC_STRINGS = YES;
				SWIFT_VERSION = 5.0;
				TARGETED_DEVICE_FAMILY = "1,2";
			};
			name = Release;
		};
/* End XCBuildConfiguration section */

/* Begin XCConfigurationList section */
		E9FD1BAA2A31747C00671749 /* Build configuration list for PBXProject "PokemonApp" */ = {
			isa = XCConfigurationList;
			buildConfigurations = (
				E9FD1BC12A31747D00671749 /* Debug */,
				E9FD1BC22A31747D00671749 /* Release */,
			);
			defaultConfigurationIsVisible = 0;
			defaultConfigurationName = Release;
		};
		E9FD1BC32A31747D00671749 /* Build configuration list for PBXNativeTarget "PokemonApp" */ = {
			isa = XCConfigurationList;
			buildConfigurations = (
				E9FD1BC42A31747D00671749 /* Debug */,
				E9FD1BC52A31747D00671749 /* Release */,
			);
			defaultConfigurationIsVisible = 0;
			defaultConfigurationName = Release;
		};
/* End XCConfigurationList section */
	};
	rootObject = E9FD1BA72A31747C00671749 /* Project object */;
}
